# THIS IS AN AUTOGENERATED FILE. DO NOT EDIT THIS FILE DIRECTLY.
# yarn lockfile v1


"@alloc/types@^1.2.1":
  version "1.3.0"
  resolved "https://registry.yarnpkg.com/@alloc/types/-/types-1.3.0.tgz#904245b8d3260a4b7d8a801c12501968f64fac08"
  integrity sha512-mH7LiFiq9g6rX2tvt1LtwsclfG5hnsmtIfkZiauAGrm1AwXhoRS0sF2WrN9JGN7eV5vFXqNaB0eXZ3IvMsVi9g==

"@react-spring/animated@^9.0.0":
  version "9.0.0"
  resolved "https://registry.yarnpkg.com/@react-spring/animated/-/animated-9.0.0.tgz#5c4704965b959412accf1f565bc25b282d983c35"
  integrity sha512-6EF7iNnBJzFozqc9rhdAvqW5WAIcLO3VapGd8OjRqHPL27zHP14n9klfPx2ccSPtVqs5EbttG6a+ntiP6RUTGw==
  dependencies:
    "@react-spring/shared" "^9.0.0"
    "@react-spring/types" "^9.0.0"
    react-layout-effect "^1.0.1"

"@react-spring/core@^9.0.0":
  version "9.0.0"
  resolved "https://registry.yarnpkg.com/@react-spring/core/-/core-9.0.0.tgz#ebc75f55ab958cd89ec6810b351edea954e6d2a4"
  integrity sha512-VE193rRuv4BKON+K+UpHhPfs2snt2ySr0bYz35Lm+7Xw9PDoV7VVsoG3p/K/zNKLJWioyUQXKI0UkbUaS3KCfQ==
  dependencies:
    "@react-spring/animated" "^9.0.0"
    "@react-spring/shared" "^9.0.0"
    "@react-spring/types" "^9.0.0"
    react-layout-effect "^1.0.1"

"@react-spring/konva@^9.0.0":
  version "9.0.0"
  resolved "https://registry.yarnpkg.com/@react-spring/konva/-/konva-9.0.0.tgz#8eae7215c745ecc9950683bf1826181b265a1f29"
  integrity sha512-eTCwVLGecs9D18ak8zj5RE6wOF/ARF1WWac/x989+NChvVGd2DgEEH+TB8kMiU/u7AvE9V2nzJBIW6dfNbdQYw==
  dependencies:
    "@react-spring/animated" "^9.0.0"
    "@react-spring/core" "^9.0.0"
    "@react-spring/shared" "^9.0.0"
    "@react-spring/types" "^9.0.0"

"@react-spring/native@^9.0.0":
  version "9.0.0"
  resolved "https://registry.yarnpkg.com/@react-spring/native/-/native-9.0.0.tgz#f4641fdb6ace86448e0b1f811219d4774f6344fc"
  integrity sha512-BvtS/zrHfdWUesrOwfhuzA0RdNwHtEGyACbsF5hvk+hPRJ7DyEI4wPvDMUCgKA1XdU7uHwFC8+F9cdiE27Vfpw==
  dependencies:
    "@react-spring/animated" "^9.0.0"
    "@react-spring/core" "^9.0.0"
    "@react-spring/shared" "^9.0.0"
    "@react-spring/types" "^9.0.0"

"@react-spring/shared@^9.0.0":
  version "9.0.0"
  resolved "https://registry.yarnpkg.com/@react-spring/shared/-/shared-9.0.0.tgz#2b11a318c2b38617b98cd3126f13cfff0be5dbe7"
  integrity sha512-cbVTcepW5vj5BtGwxm6DU19C1QgK55YiPiEGRQLoQuvyKo/6LUPTWg0DO+Nzti90d52hcyb2WnGA5tE8sQHifw==
  dependencies:
    "@react-spring/types" "^9.0.0"
    fluids "^0.2.2"
    rafz "^0.1.13"

"@react-spring/three@^9.0.0":
  version "9.0.0"
  resolved "https://registry.yarnpkg.com/@react-spring/three/-/three-9.0.0.tgz#6dcbef619699d5bcfa03e91aabf77493841809ec"
  integrity sha512-UeaR+i7rSShliF5kcrp/c9E/nLQ1kBPlePVowRBBVHo4vr/6iR9U/WRyK2V+iFLPWctW3PXvolXSzKrucrkDaQ==
  dependencies:
    "@react-spring/animated" "^9.0.0"
    "@react-spring/core" "^9.0.0"
    "@react-spring/shared" "^9.0.0"
    "@react-spring/types" "^9.0.0"

"@react-spring/types@^9.0.0":
  version "9.0.0"
  resolved "https://registry.yarnpkg.com/@react-spring/types/-/types-9.0.0.tgz#3e61e767c718f60cf5a4d7400a2b8e7a67ef3b8c"
  integrity sha512-29PVjz3luTk1gMV6ZjVKmyIT45tpTKd7g37hfAzYE8drm7bOC5T/kcLM+gXl2HRYCwrzXKduW7jOwjlpEmma+w==
  dependencies:
    "@alloc/types" "^1.2.1"

"@react-spring/web@^9.0.0":
  version "9.0.0"
  resolved "https://registry.yarnpkg.com/@react-spring/web/-/web-9.0.0.tgz#c7fe40dbad755856fb344dc41e5822c56078b93c"
  integrity sha512-A75WR7eYUS1p80KQcmVOakWwXCZ/+bnGd4FhKfAm8E4Kl//ZvPXVMuOuPP8hOsxy5sd7FZkbIULOCsRvXHFRQg==
  dependencies:
    "@react-spring/animated" "^9.0.0"
    "@react-spring/core" "^9.0.0"
    "@react-spring/shared" "^9.0.0"
    "@react-spring/types" "^9.0.0"

"@react-spring/zdog@^9.0.0":
  version "9.0.0"
  resolved "https://registry.yarnpkg.com/@react-spring/zdog/-/zdog-9.0.0.tgz#dcf7311de3e3a2066337ddb7c72b6c7d66cba21d"
  integrity sha512-DsTUnKIZnpTpsJq6O1aTr0jtjFpXbZimwYRV/Df7wH1QgZgCkFFewjQa45MC/0c7+Mgy1zCEG4BAgUstuYabNA==
  dependencies:
    "@react-spring/animated" "^9.0.0"
    "@react-spring/core" "^9.0.0"
    "@react-spring/shared" "^9.0.0"
    "@react-spring/types" "^9.0.0"

"@types/prop-types@*":
  version "15.7.3"
  resolved "https://registry.yarnpkg.com/@types/prop-types/-/prop-types-15.7.3.tgz#2ab0d5da2e5815f94b0b9d4b95d1e5f243ab2ca7"
  integrity sha512-KfRL3PuHmqQLOG+2tGpRO26Ctg+Cq1E01D2DMriKEATHgWLfeNDmq9e29Q9WIky0dQ3NPkd1mzYH8Lm936Z9qw==

"@types/react@17.0.3":
  version "17.0.3"
  resolved "https://registry.yarnpkg.com/@types/react/-/react-17.0.3.tgz#ba6e215368501ac3826951eef2904574c262cc79"
  integrity sha512-wYOUxIgs2HZZ0ACNiIayItyluADNbONl7kt8lkLjVK8IitMH5QMyAh75Fwhmo37r1m7L2JaFj03sIfxBVDvRAg==
  dependencies:
    "@types/prop-types" "*"
    "@types/scheduler" "*"
    csstype "^3.0.2"

"@types/scheduler@*":
  version "0.16.1"
  resolved "https://registry.yarnpkg.com/@types/scheduler/-/scheduler-0.16.1.tgz#18845205e86ff0038517aab7a18a62a6b9f71275"
  integrity sha512-EaCxbanVeyxDRTQBkdLb3Bvl/HK7PBK6UJjsSixB0iHKoWxE5uu2Q/DgtpOhPIojN0Zl1whvOd7PoHs2P0s5eA==

"@types/uuid@8.3.0":
  version "8.3.0"
  resolved "https://registry.yarnpkg.com/@types/uuid/-/uuid-8.3.0.tgz#215c231dff736d5ba92410e6d602050cce7e273f"
  integrity sha512-eQ9qFW/fhfGJF8WKHGEHZEyVWfZxrT+6CLIJGBcZPfxUh/+BnEj+UCGYMlr9qZuX/2AltsvwrGqp0LhEW8D0zQ==

classnames@^2.2.5:
  version "2.3.1"
  resolved "https://registry.yarnpkg.com/classnames/-/classnames-2.3.1.tgz#dfcfa3891e306ec1dad105d0e88f4417b8535e8e"
  integrity sha512-OlQdbZ7gLfGarSqxesMesDa5uz7KFbID8Kpq/SxIoNGDqY8lSYs0D+hhtBXhcdB3rcbXArFr7vlHheLk1voeNA==

csstype@^3.0.2:
  version "3.0.7"
  resolved "https://registry.yarnpkg.com/csstype/-/csstype-3.0.7.tgz#2a5fb75e1015e84dd15692f71e89a1450290950b"
  integrity sha512-KxnUB0ZMlnUWCsx2Z8MUsr6qV6ja1w9ArPErJaJaF8a5SOWoHLIszeCTKGRGRgtLgYrs1E8CHkNSP1VZTTPc9g==

fast-equals@2.0.0:
  version "2.0.0"
  resolved "https://registry.yarnpkg.com/fast-equals/-/fast-equals-2.0.0.tgz#bef2c423af3939f2c54310df54c57e64cd2adefc"
  integrity sha512-u6RBd8cSiLLxAiC04wVsLV6GBFDOXcTCgWkd3wEoFXgidPSoAJENqC9m7Jb2vewSvjBIfXV6icKeh3GTKfIaXA==

fast-memoize@^2.5.1:
  version "2.5.2"
  resolved "https://registry.yarnpkg.com/fast-memoize/-/fast-memoize-2.5.2.tgz#79e3bb6a4ec867ea40ba0e7146816f6cdce9b57e"
  integrity sha512-Ue0LwpDYErFbmNnZSF0UH6eImUwDmogUO1jyE+JbN2gsQz/jICm1Ve7t9QT0rNSsfJt+Hs4/S3GnsDVjL4HVrw==

fluids@^0.2.2:
  version "0.2.8"
  resolved "https://registry.yarnpkg.com/fluids/-/fluids-0.2.8.tgz#96a0afe6f6db23a301e2022b0ec5e967be264ba6"
  integrity sha512-60W1IZZaIm7OeNKhlyxNgCqEt0t89ds+RODxiWy6BVgaolK1eXFCamIEmxdAx8o83XtuH1haIl5QkOX2nff9wA==

"js-tokens@^3.0.0 || ^4.0.0":
  version "4.0.0"
  resolved "https://registry.yarnpkg.com/js-tokens/-/js-tokens-4.0.0.tgz#19203fb59991df98e3a287050d4647cdeaf32499"
  integrity sha512-RdJUflcE3cUzKiMqQgsCu06FPu9UdIJO0beYbPhHN4k6apgJtifcoCtT9bcxOpYBtpD2kCM6Sbzg4CausW/PKQ==

loose-envify@^1.4.0:
  version "1.4.0"
  resolved "https://registry.yarnpkg.com/loose-envify/-/loose-envify-1.4.0.tgz#71ee51fa7be4caec1a63839f7e682d8132d30caf"
  integrity sha512-lyuxPGr/Wfhrlem2CL/UcnUc1zcqKAImBDzukY7Y5F/yQiNdko6+fRLevlw1HgMySw7f611UIY408EtxRSoK3Q==
  dependencies:
    js-tokens "^3.0.0 || ^4.0.0"

object-assign@^4.1.1:
  version "4.1.1"
  resolved "https://registry.yarnpkg.com/object-assign/-/object-assign-4.1.1.tgz#2109adc7965887cfc05cbbd442cac8bfbb360863"
  integrity sha1-IQmtx5ZYh8/AXLvUQsrIv7s2CGM=

prop-types@^15.6.0:
  version "15.7.2"
  resolved "https://registry.yarnpkg.com/prop-types/-/prop-types-15.7.2.tgz#52c41e75b8c87e72b9d9360e0206b99dcbffa6c5"
  integrity sha512-8QQikdH7//R2vurIJSutZ1smHYTcLpRWEOlHnzcWHmBYrOGUysKwSsrC89BCiFj3CbrfJ/nXFdJepOVrY1GCHQ==
  dependencies:
    loose-envify "^1.4.0"
    object-assign "^4.1.1"
    react-is "^16.8.1"

rafz@^0.1.13:
  version "0.1.14"
  resolved "https://registry.yarnpkg.com/rafz/-/rafz-0.1.14.tgz#164f01cf7cc6094e08467247ef351ef5c8d278fe"
  integrity sha512-YiQkedSt1urYtYbvHhTQR3l67M8SZbUvga5eJFM/v4vx/GmDdtXlE2hjJIyRjhhO/PjcdGC+CXCYOUA4onit8w==

re-resizable@6.9.0:
  version "6.9.0"
  resolved "https://registry.yarnpkg.com/re-resizable/-/re-resizable-6.9.0.tgz#9c3059b389ced6ade602234cc5bb1e12d231cd47"
  integrity sha512-3cUDG81ylyqI0Pdgle/RHwwRYq0ORZzsUaySOCO8IbEtNyaRtrIHYm/jMQ5pjcNiKCxR3vsSymIQZHwJq4gg2Q==
  dependencies:
    fast-memoize "^2.5.1"

react-draggable@4.4.3:
  version "4.4.3"
  resolved "https://registry.yarnpkg.com/react-draggable/-/react-draggable-4.4.3.tgz#0727f2cae5813e36b0e4962bf11b2f9ef2b406f3"
  integrity sha512-jV4TE59MBuWm7gb6Ns3Q1mxX8Azffb7oTtDtBgFkxRvhDp38YAARmRplrj0+XGkhOJB5XziArX+4HUUABtyZ0w==
  dependencies:
    classnames "^2.2.5"
    prop-types "^15.6.0"

react-is@^16.8.1:
  version "16.13.1"
  resolved "https://registry.yarnpkg.com/react-is/-/react-is-16.13.1.tgz#789729a4dc36de2999dc156dd6c1d9c18cea56a4"
  integrity sha512-24e6ynE2H+OKt4kqsOvNd8kBpV65zoxbA4BVsEOB3ARVWQki/DHzaUoC5KuON/BiccDaCCTZBuOcfZs70kR8bQ==

react-layout-effect@^1.0.1:
  version "1.0.5"
  resolved "https://registry.yarnpkg.com/react-layout-effect/-/react-layout-effect-1.0.5.tgz#0dc4e24452aee5de66c93c166f0ec512dfb1be80"
  integrity sha512-zdRXHuch+OBHU6bvjTelOGUCM+UDr/iCY+c0wXLEAc+G4/FlcJruD/hUOzlKH5XgO90Y/BUJPNhI/g9kl+VAsA==

react-rnd@^10.2.4:
  version "10.2.4"
  resolved "https://registry.yarnpkg.com/react-rnd/-/react-rnd-10.2.4.tgz#542c28fa9cfcb3ad1521694dfa2799217832818f"
  integrity sha512-wseACIsxa1wuZz9XatO3/JAZR748Sddehh0NtJz1Yj3X5BQm5pwRShiadfnWrUajJATurHbN0NVTUn+jEkHkPw==
  dependencies:
    re-resizable "6.9.0"
    react-draggable "4.4.3"
    tslib "2.0.3"

react-spring@9.0.0:
  version "9.0.0"
  resolved "https://registry.yarnpkg.com/react-spring/-/react-spring-9.0.0.tgz#ff9d3611b8f637f8500d7f1cbd990a5861384d50"
  integrity sha512-90s8beqIAKJA3VdmkGBEv8wZNAuhxE7ngKA5TGCd6Ya3wjyoZPzMR76vEYUSGv3Psu6q5R2dYXHh89LdlQTY1A==
  dependencies:
    "@react-spring/core" "^9.0.0"
    "@react-spring/konva" "^9.0.0"
    "@react-spring/native" "^9.0.0"
    "@react-spring/three" "^9.0.0"
    "@react-spring/web" "^9.0.0"
    "@react-spring/zdog" "^9.0.0"

resize-observer-polyfill@^1.5.1:
  version "1.5.1"
  resolved "https://registry.yarnpkg.com/resize-observer-polyfill/-/resize-observer-polyfill-1.5.1.tgz#0e9020dd3d21024458d4ebd27e23e40269810464"
  integrity sha512-LwZrotdHOo12nQuZlHEmtuXdqGoOD0OhaxopaNFxWzInpEgaLWoVuAMbTzixuosCx2nEG58ngzW3vxdWoxIgdg==

tslib@2.0.3:
  version "2.0.3"
  resolved "https://registry.yarnpkg.com/tslib/-/tslib-2.0.3.tgz#8e0741ac45fc0c226e58a17bfc3e64b9bc6ca61c"
  integrity sha512-uZtkfKblCEQtZKBF6EBXVZeQNl82yqtDQdv+eck8u7tdPxjLu2/lp5/uPW+um2tpuxINHWy3GhiccY7QgEaVHQ==

typescript@4.2.3:
  version "4.2.3"
  resolved "https://registry.yarnpkg.com/typescript/-/typescript-4.2.3.tgz#39062d8019912d43726298f09493d598048c1ce3"
  integrity sha512-qOcYwxaByStAWrBf4x0fibwZvMRG+r4cQoTjbPtUlrWjBHbmCAww1i448U0GJ+3cNNEtebDteo/cHOR3xJ4wEw==

use-resize-observer@7.0.0:
  version "7.0.0"
  resolved "https://registry.yarnpkg.com/use-resize-observer/-/use-resize-observer-7.0.0.tgz#15f0efbd5a4e08a8cc51901f21a89ba836f2116e"
  integrity sha512-+RjrQsk/mL8aKy4TGBDiPkUv6whyeoGDMIZYk0gOGHOlnrsjImC+jG6lfAFcBCKAG9epGRL419adhDNdkDCQkA==
  dependencies:
    resize-observer-polyfill "^1.5.1"

uuid@8.3.2:
  version "8.3.2"
  resolved "https://registry.yarnpkg.com/uuid/-/uuid-8.3.2.tgz#80d5b5ced271bb9af6c445f21a1a04c606cefbe2"
  integrity sha512-+NYs2QeMWy+GWFOEm9xnn6HCDp0l7QBD7ml8zLUmJ+93Q5NF0NocErnwkTkXVFNiX3/fpC6afS8Dhb/gz7R7eg==
